
Microsoft Visual Studio Solution File, Format Version 12.00
# Visual Studio Version 16
VisualStudioVersion = 16.0.29306.81
MinimumVisualStudioVersion = 10.0.40219.1
Project("{FAE04EC0-301F-11D3-BF4B-00C04F79EFBC}") = "AutosalonProject", "AutosalonProject\AutosalonProject.csproj", "{593A0416-9F6A-4554-A130-131DEEED84BD}"
EndProject
Global
	GlobalSection(SolutionConfigurationPlatforms) = preSolution
		Debug|Any CPU = Debug|Any CPU
		Release|Any CPU = Release|Any CPU
	EndGlobalSection
	GlobalSection(ProjectConfigurationPlatforms) = postSolution
		{593A0416-9F6A-4554-A130-131DEEED84BD}.Debug|Any CPU.ActiveCfg = Debug|Any CPU
		{593A0416-9F6A-4554-A130-131DEEED84BD}.Debug|Any CPU.Build.0 = Debug|Any CPU
		{593A0416-9F6A-4554-A130-131DEEED84BD}.Release|Any CPU.ActiveCfg = Release|Any CPU
		{593A0416-9F6A-4554-A130-131DEEED84BD}.Release|Any CPU.Build.0 = Release|Any CPU
	EndGlobalSection
	GlobalSection(SolutionProperties) = preSolution
		HideSolutionNode = FALSE
	EndGlobalSection
	GlobalSection(ExtensibilityGlobals) = postSolution
		SolutionGuid = {9A4929D4-E085-4BCC-8BBF-1D2F45F6DF03}
	EndGlobalSection
EndGlobal
